
Microsoft Visual Studio Solution File, Format Version 12.00
# Visual Studio Version 17
VisualStudioVersion = 17.9.34728.123
MinimumVisualStudioVersion = 10.0.40219.1
Project("{9A19103F-16F7-4668-BE54-9A1E7A4F7556}") = "OnionTest", "OnionTest\OnionTest.csproj", "{D1253A4A-0AF8-4505-9E94-2382B04FB599}"
EndProject
Project("{9A19103F-16F7-4668-BE54-9A1E7A4F7556}") = "OnionTest.Core", "OnionTest.Core\OnionTest.Core.csproj", "{C4114165-8246-4943-8C41-573985AB7EFC}"
EndProject
Project("{9A19103F-16F7-4668-BE54-9A1E7A4F7556}") = "OnionTest.Application", "OnionTest.Application\OnionTest.Application.csproj", "{37319EB5-70F0-4F0B-8C1E-F557CB88AB10}"
EndProject
Project("{9A19103F-16F7-4668-BE54-9A1E7A4F7556}") = "OnionTest.DataAccess", "OnionTest.DataAccess\OnionTest.DataAccess.csproj", "{EF3DDF66-6656-4AE8-895A-735A2050480E}"
EndProject
Project("{9A19103F-16F7-4668-BE54-9A1E7A4F7556}") = "OnionTest.Infastucture", "OnionTest.Infastucture\OnionTest.Infastucture.csproj", "{4E6B398C-9927-4263-8D0C-AB27BA103546}"
EndProject
Global
	GlobalSection(SolutionConfigurationPlatforms) = preSolution
		Debug|Any CPU = Debug|Any CPU
		Release|Any CPU = Release|Any CPU
	EndGlobalSection
	GlobalSection(ProjectConfigurationPlatforms) = postSolution
		{D1253A4A-0AF8-4505-9E94-2382B04FB599}.Debug|Any CPU.ActiveCfg = Debug|Any CPU
		{D1253A4A-0AF8-4505-9E94-2382B04FB599}.Debug|Any CPU.Build.0 = Debug|Any CPU
		{D1253A4A-0AF8-4505-9E94-2382B04FB599}.Release|Any CPU.ActiveCfg = Release|Any CPU
		{D1253A4A-0AF8-4505-9E94-2382B04FB599}.Release|Any CPU.Build.0 = Release|Any CPU
		{C4114165-8246-4943-8C41-573985AB7EFC}.Debug|Any CPU.ActiveCfg = Debug|Any CPU
		{C4114165-8246-4943-8C41-573985AB7EFC}.Debug|Any CPU.Build.0 = Debug|Any CPU
		{C4114165-8246-4943-8C41-573985AB7EFC}.Release|Any CPU.ActiveCfg = Release|Any CPU
		{C4114165-8246-4943-8C41-573985AB7EFC}.Release|Any CPU.Build.0 = Release|Any CPU
		{37319EB5-70F0-4F0B-8C1E-F557CB88AB10}.Debug|Any CPU.ActiveCfg = Debug|Any CPU
		{37319EB5-70F0-4F0B-8C1E-F557CB88AB10}.Debug|Any CPU.Build.0 = Debug|Any CPU
		{37319EB5-70F0-4F0B-8C1E-F557CB88AB10}.Release|Any CPU.ActiveCfg = Release|Any CPU
		{37319EB5-70F0-4F0B-8C1E-F557CB88AB10}.Release|Any CPU.Build.0 = Release|Any CPU
		{EF3DDF66-6656-4AE8-895A-735A2050480E}.Debug|Any CPU.ActiveCfg = Debug|Any CPU
		{EF3DDF66-6656-4AE8-895A-735A2050480E}.Debug|Any CPU.Build.0 = Debug|Any CPU
		{EF3DDF66-6656-4AE8-895A-735A2050480E}.Release|Any CPU.ActiveCfg = Release|Any CPU
		{EF3DDF66-6656-4AE8-895A-735A2050480E}.Release|Any CPU.Build.0 = Release|Any CPU
		{4E6B398C-9927-4263-8D0C-AB27BA103546}.Debug|Any CPU.ActiveCfg = Debug|Any CPU
		{4E6B398C-9927-4263-8D0C-AB27BA103546}.Debug|Any CPU.Build.0 = Debug|Any CPU
		{4E6B398C-9927-4263-8D0C-AB27BA103546}.Release|Any CPU.ActiveCfg = Release|Any CPU
		{4E6B398C-9927-4263-8D0C-AB27BA103546}.Release|Any CPU.Build.0 = Release|Any CPU
	EndGlobalSection
	GlobalSection(SolutionProperties) = preSolution
		HideSolutionNode = FALSE
	EndGlobalSection
	GlobalSection(ExtensibilityGlobals) = postSolution
		SolutionGuid = {6C3E3F86-7B69-4730-A0B4-43F7CE66CF62}
	EndGlobalSection
EndGlobal
